
Microsoft Visual Studio Solution File, Format Version 12.00
# Visual Studio 2012
Project("{FAE04EC0-301F-11D3-BF4B-00C04F79EFBC}") = "Currency Converter", "Currency Converter\Currency Converter.csproj", "{A95C02E2-3F2C-4063-A9F2-D899463924CD}"
EndProject
Global
	GlobalSection(SolutionConfigurationPlatforms) = preSolution
		Debug|Any CPU = Debug|Any CPU
		Release|Any CPU = Release|Any CPU
	EndGlobalSection
	GlobalSection(ProjectConfigurationPlatforms) = postSolution
		{A95C02E2-3F2C-4063-A9F2-D899463924CD}.Debug|Any CPU.ActiveCfg = Debug|Any CPU
		{A95C02E2-3F2C-4063-A9F2-D899463924CD}.Debug|Any CPU.Build.0 = Debug|Any CPU
		{A95C02E2-3F2C-4063-A9F2-D899463924CD}.Debug|Any CPU.Deploy.0 = Debug|Any CPU
		{A95C02E2-3F2C-4063-A9F2-D899463924CD}.Release|Any CPU.ActiveCfg = Release|Any CPU
		{A95C02E2-3F2C-4063-A9F2-D899463924CD}.Release|Any CPU.Build.0 = Release|Any CPU
	EndGlobalSection
	GlobalSection(SolutionProperties) = preSolution
		HideSolutionNode = FALSE
	EndGlobalSection
EndGlobal
